{
  "name": "ddcppuser",
  "version": "1.0.0",
  "lockfileVersion": 1,
  "dependencies": {
    "cpp_common": {
      "version": "github:dronedeploy/cpp_common#338de0972439ea728f54795d04bf211686542bb9"
    },
    "ddcppuserlib": {
      "version": "github:orlenko/ddcppuserlib#8619774850361f2f9de1575537cf18cf9cde619c",
      "dependencies": {
        "cpp_common": {
          "version": "github:dronedeploy/cpp_common#3374477d55106b15c0874ca67013f689ecc37718"
        }
      }
    }
  }
}
